
Microsoft Visual Studio Solution File, Format Version 12.00
# Visual Studio Version 16
VisualStudioVersion = 16.0.31025.194
MinimumVisualStudioVersion = 10.0.40219.1
Project("{9A19103F-16F7-4668-BE54-9A1E7A4F7556}") = "AAPIMSync", "AAPIMSync\AAPIMSync.csproj", "{253F4F1C-B2B0-460F-8349-2A2AA5500438}"
EndProject
Project("{9A19103F-16F7-4668-BE54-9A1E7A4F7556}") = "AAPIMSync.ConsoleApp", "AAPIMSync.Console\AAPIMSync.ConsoleApp.csproj", "{D2DB9A59-D403-4ED4-BB9D-35CC218A98BE}"
EndProject
Global
	GlobalSection(SolutionConfigurationPlatforms) = preSolution
		Debug|Any CPU = Debug|Any CPU
		Release|Any CPU = Release|Any CPU
	EndGlobalSection
	GlobalSection(ProjectConfigurationPlatforms) = postSolution
		{253F4F1C-B2B0-460F-8349-2A2AA5500438}.Debug|Any CPU.ActiveCfg = Debug|Any CPU
		{253F4F1C-B2B0-460F-8349-2A2AA5500438}.Debug|Any CPU.Build.0 = Debug|Any CPU
		{253F4F1C-B2B0-460F-8349-2A2AA5500438}.Release|Any CPU.ActiveCfg = Release|Any CPU
		{253F4F1C-B2B0-460F-8349-2A2AA5500438}.Release|Any CPU.Build.0 = Release|Any CPU
		{D2DB9A59-D403-4ED4-BB9D-35CC218A98BE}.Debug|Any CPU.ActiveCfg = Debug|Any CPU
		{D2DB9A59-D403-4ED4-BB9D-35CC218A98BE}.Debug|Any CPU.Build.0 = Debug|Any CPU
		{D2DB9A59-D403-4ED4-BB9D-35CC218A98BE}.Release|Any CPU.ActiveCfg = Release|Any CPU
		{D2DB9A59-D403-4ED4-BB9D-35CC218A98BE}.Release|Any CPU.Build.0 = Release|Any CPU
	EndGlobalSection
	GlobalSection(SolutionProperties) = preSolution
		HideSolutionNode = FALSE
	EndGlobalSection
	GlobalSection(ExtensibilityGlobals) = postSolution
		SolutionGuid = {B089BFC4-67AB-4D30-9AA7-B895B84A2F9A}
	EndGlobalSection
EndGlobal
